PODS:
  - Flutter (1.0.0)
  - image_cropper (0.0.1):
    - Flutter
    - TOCropViewController (~> 2.4.0)
  - image_picker (0.0.1):
    - Flutter
  - TOCropViewController (2.4.0)

DEPENDENCIES:
  - Flutter (from `.symlinks/flutter/ios`)
  - image_cropper (from `.symlinks/plugins/image_cropper/ios`)
  - image_picker (from `.symlinks/plugins/image_picker/ios`)

SPEC REPOS:
  https://github.com/cocoapods/specs.git:
    - TOCropViewController

EXTERNAL SOURCES:
  Flutter:
    :path: ".symlinks/flutter/ios"
  image_cropper:
    :path: ".symlinks/plugins/image_cropper/ios"
  image_picker:
    :path: ".symlinks/plugins/image_picker/ios"

SPEC CHECKSUMS:
  Flutter: 58dd7d1b27887414a370fcccb9e645c08ffd7a6a
  image_cropper: 88160bea3665a5fab6989ff3a6825811b8f19a3d
  image_picker: 16e5fec1fbc87fd3b297c53e4048521eaf17cd06
  TOCropViewController: 368d8df3ea43b62c3dc5a61f11b9048274d240bd

PODFILE CHECKSUM: aff02bfeed411c636180d6812254b2daeea14d09

COCOAPODS: 1.6.1
